
Microsoft Visual Studio Solution File, Format Version 12.00
# Visual Studio Version 16
VisualStudioVersion = 16.0.31019.35
MinimumVisualStudioVersion = 10.0.40219.1
Project("{FAE04EC0-301F-11D3-BF4B-00C04F79EFBC}") = "WindowsViewCapture", "WindowsViewCapture\WindowsViewCapture.csproj", "{1B208633-7E33-4EEA-8765-C729244122EE}"
EndProject
Global
	GlobalSection(SolutionConfigurationPlatforms) = preSolution
		Debug|Any CPU = Debug|Any CPU
		Release|Any CPU = Release|Any CPU
	EndGlobalSection
	GlobalSection(ProjectConfigurationPlatforms) = postSolution
		{1B208633-7E33-4EEA-8765-C729244122EE}.Debug|Any CPU.ActiveCfg = Debug|Any CPU
		{1B208633-7E33-4EEA-8765-C729244122EE}.Debug|Any CPU.Build.0 = Debug|Any CPU
		{1B208633-7E33-4EEA-8765-C729244122EE}.Release|Any CPU.ActiveCfg = Release|Any CPU
		{1B208633-7E33-4EEA-8765-C729244122EE}.Release|Any CPU.Build.0 = Release|Any CPU
	EndGlobalSection
	GlobalSection(SolutionProperties) = preSolution
		HideSolutionNode = FALSE
	EndGlobalSection
	GlobalSection(ExtensibilityGlobals) = postSolution
		SolutionGuid = {6E6C6617-EC94-4BC4-855A-974E887A320C}
	EndGlobalSection
EndGlobal
